
Microsoft Visual Studio Solution File, Format Version 12.00
# Visual Studio 15
VisualStudioVersion = 15.0.28307.421
MinimumVisualStudioVersion = 10.0.40219.1
Project("{9A19103F-16F7-4668-BE54-9A1E7A4F7556}") = "Appzr.API", "Appzr.API\Appzr.API.csproj", "{A77E4ACD-A8CE-4A1E-A156-23A35963AB1D}"
EndProject
Project("{FAE04EC0-301F-11D3-BF4B-00C04F79EFBC}") = "Appzr.Domain", "Appzr.Domain\Appzr.Domain.csproj", "{9FBF8199-182D-4B68-BA69-1D3ECA102CB4}"
EndProject
Project("{FAE04EC0-301F-11D3-BF4B-00C04F79EFBC}") = "Appzr.Infrastructure", "Appzr.Infrastructure\Appzr.Infrastructure.csproj", "{1DE6F253-485A-4EBF-A1BC-C2BB27989983}"
EndProject
Global
	GlobalSection(SolutionConfigurationPlatforms) = preSolution
		Debug|Any CPU = Debug|Any CPU
		Release|Any CPU = Release|Any CPU
	EndGlobalSection
	GlobalSection(ProjectConfigurationPlatforms) = postSolution
		{A77E4ACD-A8CE-4A1E-A156-23A35963AB1D}.Debug|Any CPU.ActiveCfg = Debug|Any CPU
		{A77E4ACD-A8CE-4A1E-A156-23A35963AB1D}.Debug|Any CPU.Build.0 = Debug|Any CPU
		{A77E4ACD-A8CE-4A1E-A156-23A35963AB1D}.Release|Any CPU.ActiveCfg = Release|Any CPU
		{A77E4ACD-A8CE-4A1E-A156-23A35963AB1D}.Release|Any CPU.Build.0 = Release|Any CPU
		{9FBF8199-182D-4B68-BA69-1D3ECA102CB4}.Debug|Any CPU.ActiveCfg = Debug|Any CPU
		{9FBF8199-182D-4B68-BA69-1D3ECA102CB4}.Debug|Any CPU.Build.0 = Debug|Any CPU
		{9FBF8199-182D-4B68-BA69-1D3ECA102CB4}.Release|Any CPU.ActiveCfg = Release|Any CPU
		{9FBF8199-182D-4B68-BA69-1D3ECA102CB4}.Release|Any CPU.Build.0 = Release|Any CPU
		{1DE6F253-485A-4EBF-A1BC-C2BB27989983}.Debug|Any CPU.ActiveCfg = Debug|Any CPU
		{1DE6F253-485A-4EBF-A1BC-C2BB27989983}.Debug|Any CPU.Build.0 = Debug|Any CPU
		{1DE6F253-485A-4EBF-A1BC-C2BB27989983}.Release|Any CPU.ActiveCfg = Release|Any CPU
		{1DE6F253-485A-4EBF-A1BC-C2BB27989983}.Release|Any CPU.Build.0 = Release|Any CPU
	EndGlobalSection
	GlobalSection(SolutionProperties) = preSolution
		HideSolutionNode = FALSE
	EndGlobalSection
	GlobalSection(ExtensibilityGlobals) = postSolution
		SolutionGuid = {74EF2D29-85FD-4146-8F24-5AA68780F5FA}
	EndGlobalSection
EndGlobal
